# This file is autogenerated, do not edit; changes may be undone by the next 'dep ensure'.


[[projects]]
  branch = "main"
  digest = "1:b436cb43dd831bd81fbc36981ecf57007dd6265a321e09529b24d47a7d2fb908"
  name = "github.com/emadghaffari/go-oauth"
  packages = ["."]
  pruneopts = "UT"
  revision = "a5095151e62f40d45fac2eb39cc022da9d93f4b8"

[[projects]]
  branch = "main"
  digest = "1:0679f57e2657cbc751063804ed5ad70b421671ee298f322847bd2d2685935de6"
  name = "github.com/emadghaffari/res_errors"
  packages = [
    "errors",
    "logger",
  ]
  pruneopts = "UT"
  revision = "26639b48eada1ba12887a3f928acdfe0575578c1"

[[projects]]
  digest = "1:6078383dbb7405bfa3ce16957f37564e3b716afa29b6eb45ffdb6674624d1e0d"
  name = "github.com/gorilla/mux"
  packages = ["."]
  pruneopts = "UT"
  revision = "98cb6bf42e086f6af920b965c38cacc07402d51b"
  version = "v1.8.0"

[[projects]]
  digest = "1:e0b019ee3a64ce51eeb7e0097a372305ac8caf338e50adf8e4bf3b7ce928e132"
  name = "github.com/josharian/intern"
  packages = ["."]
  pruneopts = "UT"
  revision = "8e6ff32b3e7c0b018c43953085fe2ac330fe9acd"
  version = "v1.0.0"

[[projects]]
  digest = "1:5d9e883e1964e9587344e202b3f61530a2c90f4673f5d28f33ffca8236c6c82d"
  name = "github.com/mailru/easyjson"
  packages = [
    ".",
    "buffer",
    "jlexer",
    "jwriter",
  ]
  pruneopts = "UT"
  revision = "8ab5ff9cd8e4e432e8b79f6c47d324a31dd803cf"
  version = "v0.7.6"

[[projects]]
  branch = "master"
  digest = "1:51451e8add50c754e91454c8d190d36c50c8db56b4c0b84f326e06e55c799033"
  name = "github.com/mercadolibre/golang-restclient"
  packages = ["rest"]
  pruneopts = "UT"
  revision = "51958130a0a00a604c7412d2eae5cc9d4637cbcc"

[[projects]]
  digest = "1:4a9bb4eb20ea80c9ed85eafb55560ea86f63de055942f32bdc3ac50914a0cdd6"
  name = "github.com/olivere/elastic"
  packages = [
    ".",
    "config",
    "uritemplates",
  ]
  pruneopts = "UT"
  revision = "88f72d0b7fff685d7ef9a014b3cf9f7916ec3718"
  version = "v6.2.35"

[[projects]]
  digest = "1:9e1d37b58d17113ec3cb5608ac0382313c5b59470b94ed97d0976e69c7022314"
  name = "github.com/pkg/errors"
  packages = ["."]
  pruneopts = "UT"
  revision = "614d223910a179a466c1767a985424175c39b465"
  version = "v0.9.1"

[[projects]]
  digest = "1:7a3de4371d6b68c6f37a0df2c09905664d9de59026c91cbe275aae55f4fe760f"
  name = "go.uber.org/atomic"
  packages = ["."]
  pruneopts = "UT"
  revision = "12f27ba2637fa0e13772a4f05fa46a5d18d53182"
  version = "v1.7.0"

[[projects]]
  digest = "1:e9eeeabfd025a5e69b9c8e2857d3517ea67e747ae913bcb0a9e1e7bafdb9c298"
  name = "go.uber.org/multierr"
  packages = ["."]
  pruneopts = "UT"
  revision = "3114a8b704d2d28dbacda34a872690aaef66aeed"
  version = "v1.6.0"

[[projects]]
  digest = "1:052a04ff010ec05c33f12909ec2a90492c9d5582d68f87d3275595d0d1bd0d3b"
  name = "go.uber.org/zap"
  packages = [
    ".",
    "buffer",
    "internal/bufferpool",
    "internal/color",
    "internal/exit",
    "zapcore",
  ]
  pruneopts = "UT"
  revision = "404189cf44aea95b0cd9bddcb0242dd4cf88c510"
  version = "v1.16.0"

[solve-meta]
  analyzer-name = "dep"
  analyzer-version = 1
  input-imports = [
    "github.com/emadghaffari/go-oauth",
    "github.com/emadghaffari/res_errors/errors",
    "github.com/emadghaffari/res_errors/logger",
    "github.com/gorilla/mux",
    "github.com/olivere/elastic",
    "go.uber.org/zap",
    "go.uber.org/zap/zapcore",
  ]
  solver-name = "gps-cdcl"
  solver-version = 1
